<Solution>
  <Configurations>
    <Platform Name="ARM64" />
    <Platform Name="x64" />
    <Platform Name="x86" />
  </Configurations>
  <Folder Name="/_scripts/">
    <File Path="_scripts/Deploy.ps1" />
  </Folder>
  <Folder Name="/_scripts/logs/">
    <File Path="_scripts/logs/empty.txt" />
  </Folder>
  <Folder Name="/ソリューション項目/" />
  <Project Path="ErrorReport/ErrorReport.csproj">
    <Platform Solution="*|ARM64" Project="ARM64" />
    <Platform Solution="*|x64" Project="x64" />
    <Platform Solution="*|x86" Project="x86" />
    <Deploy />
  </Project>
</Solution>
